<?xml version="1.0" encoding="utf-8"?>
<Project ToolsVersion="4.0" xmlns="http://schemas.microsoft.com/developer/msbuild/2003">
  <ItemGroup>
    <Filter Include=".github">
      <UniqueIdentifier>{81b3149a-2cdb-4db2-8b20-94024aa6e8f6}</UniqueIdentifier>
    </Filter>
    <Filter Include=".github\ISSUE_TEMPLATE">
      <UniqueIdentifier>{a74a8dfb-0fd8-49f0-bc2c-0e0b898016a5}</UniqueIdentifier>
    </Filter>
    <Filter Include="Code">
      <UniqueIdentifier>{af51bf59-7a09-47cf-877d-25fa51399e76}</UniqueIdentifier>
    </Filter>
    <Filter Include="Docs">
      <UniqueIdentifier>{7c299523-7be8-4738-86e5-2527946f65bf}</UniqueIdentifier>
    </Filter>
    <Filter Include="Tooling">
      <UniqueIdentifier>{42a3f6b3-d2cc-439f-a513-ef379f6d4fe6}</UniqueIdentifier>
    </Filter>
    <Filter Include="Tooling\AppVeyor">
      <UniqueIdentifier>{d9316237-315c-4161-bf7b-7593d0b08446}</UniqueIdentifier>
    </Filter>
    <Filter Include="Tooling\Cppcheck">
      <UniqueIdentifier>{134c376c-ce8b-4125-912a-315d3833341f}</UniqueIdentifier>
    </Filter>
    <Filter Include="Dependencies">
      <UniqueIdentifier>{7b2aec57-1a87-4667-bce3-4fdb78c9f8ef}</UniqueIdentifier>
    </Filter>
    <Filter Include="Dependencies\max">
      <UniqueIdentifier>{f758c334-a495-4ff8-8c19-11d937b52e64}</UniqueIdentifier>
    </Filter>
    <Filter Include="Dependencies\maxGUI">
      <UniqueIdentifier>{b5acfe07-0fc3-4d27-8859-3c954ba41f5f}</UniqueIdentifier>
    </Filter>
    <Filter Include="Dependencies\max\Compiling">
      <UniqueIdentifier>{9ef8c7a8-a75b-4d7e-8c9b-7ae8484b06a7}</UniqueIdentifier>
    </Filter>
    <Filter Include="Dependencies\max\Compiling\Configuration">
      <UniqueIdentifier>{8a8828b2-4bbe-46a3-9b57-a1f17a6789d8}</UniqueIdentifier>
    </Filter>
    <Filter Include="Dependencies\max\Compiling\Configuration\Compiler">
      <UniqueIdentifier>{80b5effc-60ea-4bff-a0cc-c872bcdb070c}</UniqueIdentifier>
    </Filter>
    <Filter Include="Dependencies\max\Compiling\Configuration\Platform">
      <UniqueIdentifier>{e13aa7f0-5bac-47c3-808d-e2010deb910d}</UniqueIdentifier>
    </Filter>
  </ItemGroup>
  <ItemGroup>
    <None Include="..\..\..\.github\ISSUE_TEMPLATE\bug_report.md">
      <Filter>.github\ISSUE_TEMPLATE</Filter>
    </None>
    <None Include="..\..\..\.github\ISSUE_TEMPLATE\feature_request.md">
      <Filter>.github\ISSUE_TEMPLATE</Filter>
    </None>
    <None Include="..\..\..\Docs\code_of_conduct.md">
      <Filter>Docs</Filter>
    </None>
    <None Include="..\..\..\Docs\README.md">
      <Filter>Docs</Filter>
    </None>
    <None Include="..\..\..\Tooling\AppVeyor\AppVeyor.yml">
      <Filter>Tooling\AppVeyor</Filter>
    </None>
    <None Include="..\..\..\Tooling\Cppcheck\.gitignore">
      <Filter>Tooling\Cppcheck</Filter>
    </None>
    <None Include="..\..\..\Tooling\Cppcheck\maxHex.cppcheck">
      <Filter>Tooling\Cppcheck</Filter>
    </None>
    <None Include="..\..\..\AUTHORS" />
    <None Include="..\..\..\LICENSE" />
  </ItemGroup>
  <ItemGroup>
    <ClCompile Include="..\..\..\Code\Buffer.cpp">
      <Filter>Code</Filter>
    </ClCompile>
    <ClCompile Include="..\..\..\Code\BufferChain.cpp">
      <Filter>Code</Filter>
    </ClCompile>
    <ClCompile Include="..\..\..\Code\File.cpp">
      <Filter>Code</Filter>
    </ClCompile>
    <ClCompile Include="..\..\..\Code\Workspace.cpp">
      <Filter>Code</Filter>
    </ClCompile>
    <ClCompile Include="..\..\..\Code\FileBackedBuffer.cpp">
      <Filter>Code</Filter>
    </ClCompile>
    <ClCompile Include="..\..\..\Code\Window.cpp">
      <Filter>Code</Filter>
    </ClCompile>
    <ClCompile Include="..\..\..\Code\UserInteractionState.cpp">
      <Filter>Code</Filter>
    </ClCompile>
    <ClCompile Include="..\..\..\Code\Rasterizer.cpp">
      <Filter>Code</Filter>
    </ClCompile>
    <ClCompile Include="..\..\..\Code\Font.cpp">
      <Filter>Code</Filter>
    </ClCompile>
    <ClCompile Include="..\..\..\Code\EntryPoint.cpp">
      <Filter>Code</Filter>
    </ClCompile>
    <ClCompile Include="..\..\..\Dependencies\maxGUI\Code\maxGUI\Form.cpp">
      <Filter>Dependencies\maxGUI</Filter>
    </ClCompile>
    <ClCompile Include="..\..\..\Dependencies\maxGUI\Code\maxGUI\EntryPoint.cpp">
      <Filter>Dependencies\maxGUI</Filter>
    </ClCompile>
    <ClCompile Include="..\..\..\Dependencies\maxGUI\Code\maxGUI\Win32String.cpp">
      <Filter>Dependencies\maxGUI</Filter>
    </ClCompile>
  </ItemGroup>
  <ItemGroup>
    <ClInclude Include="..\..\..\Code\Buffer.hpp">
      <Filter>Code</Filter>
    </ClInclude>
    <ClInclude Include="..\..\..\Code\BufferChain.hpp">
      <Filter>Code</Filter>
    </ClInclude>
    <ClInclude Include="..\..\..\Code\File.hpp">
      <Filter>Code</Filter>
    </ClInclude>
    <ClInclude Include="..\..\..\Code\Workspace.hpp">
      <Filter>Code</Filter>
    </ClInclude>
    <ClInclude Include="..\..\..\Code\BufferBacking.hpp">
      <Filter>Code</Filter>
    </ClInclude>
    <ClInclude Include="..\..\..\Code\FileBackedBuffer.hpp">
      <Filter>Code</Filter>
    </ClInclude>
    <ClInclude Include="..\..\..\Code\Window.hpp">
      <Filter>Code</Filter>
    </ClInclude>
    <ClInclude Include="..\..\..\Code\UserInteractionState.hpp">
      <Filter>Code</Filter>
    </ClInclude>
    <ClInclude Include="..\..\..\Code\Rasterizer.hpp">
      <Filter>Code</Filter>
    </ClInclude>
    <ClInclude Include="..\..\..\Code\Font.hpp">
      <Filter>Code</Filter>
    </ClInclude>
    <ClInclude Include="..\..\..\Dependencies\maxGUI\Code\maxGUI\Form.hpp">
      <Filter>Dependencies\maxGUI</Filter>
    </ClInclude>
    <ClInclude Include="..\..\..\Dependencies\maxGUI\Code\maxGUI\EntryPoint.hpp">
      <Filter>Dependencies\maxGUI</Filter>
    </ClInclude>
    <ClInclude Include="..\..\..\Dependencies\maxGUI\Code\maxGUI\Win32String.hpp">
      <Filter>Dependencies\maxGUI</Filter>
    </ClInclude>
    <ClInclude Include="..\..\..\Dependencies\max\Code\max\Compiling\Configuration\Compiler.hpp">
      <Filter>Dependencies\max\Compiling\Configuration</Filter>
    </ClInclude>
    <ClInclude Include="..\..\..\Dependencies\max\Code\max\Compiling\Configuration\Platform.hpp">
      <Filter>Dependencies\max\Compiling\Configuration</Filter>
    </ClInclude>
    <ClInclude Include="..\..\..\Dependencies\max\Code\max\Compiling\Configuration\StandardLibrary.hpp">
      <Filter>Dependencies\max\Compiling\Configuration</Filter>
    </ClInclude>
    <ClInclude Include="..\..\..\Dependencies\max\Code\max\Compiling\Configuration\Compiler\Clang.hpp">
      <Filter>Dependencies\max\Compiling\Configuration\Compiler</Filter>
    </ClInclude>
    <ClInclude Include="..\..\..\Dependencies\max\Code\max\Compiling\Configuration\Compiler\GCC.hpp">
      <Filter>Dependencies\max\Compiling\Configuration\Compiler</Filter>
    </ClInclude>
    <ClInclude Include="..\..\..\Dependencies\max\Code\max\Compiling\Configuration\Compiler\VC.hpp">
      <Filter>Dependencies\max\Compiling\Configuration\Compiler</Filter>
    </ClInclude>
    <ClInclude Include="..\..\..\Dependencies\max\Code\max\Compiling\Configuration\Platform\Android.hpp">
      <Filter>Dependencies\max\Compiling\Configuration\Platform</Filter>
    </ClInclude>
    <ClInclude Include="..\..\..\Dependencies\max\Code\max\Compiling\Configuration\Platform\Linux.hpp">
      <Filter>Dependencies\max\Compiling\Configuration\Platform</Filter>
    </ClInclude>
    <ClInclude Include="..\..\..\Dependencies\max\Code\max\Compiling\Configuration\Platform\MacOS.hpp">
      <Filter>Dependencies\max\Compiling\Configuration\Platform</Filter>
    </ClInclude>
    <ClInclude Include="..\..\..\Dependencies\max\Code\max\Compiling\Configuration\Platform\Win32.hpp">
      <Filter>Dependencies\max\Compiling\Configuration\Platform</Filter>
    </ClInclude>
    <ClInclude Include="..\..\..\Dependencies\max\Code\max\Compiling\Configuration.hpp">
      <Filter>Dependencies\max\Compiling</Filter>
    </ClInclude>
  </ItemGroup>
  <ItemGroup>
    <Xml Include="..\..\..\Tooling\AppVeyor\junit-results.xml">
      <Filter>Tooling\AppVeyor</Filter>
    </Xml>
  </ItemGroup>
</Project>